
Microsoft Visual Studio Solution File, Format Version 12.00
# Visual Studio Version 17
VisualStudioVersion = 17.4.33205.214
MinimumVisualStudioVersion = 10.0.40219.1
Project("{9A19103F-16F7-4668-BE54-9A1E7A4F7556}") = "audit_service", "audit_service\audit_service.csproj", "{58F1EF64-0DE9-463C-BC5E-74D9E40AD037}"
EndProject
Project("{9A19103F-16F7-4668-BE54-9A1E7A4F7556}") = "Audit_service_controller_testing", "Audit_service_testing\Audit_service_controller_testing.csproj", "{11AFB463-3D53-4AE8-8B95-4A98FB4D4A6E}"
EndProject
Global
	GlobalSection(SolutionConfigurationPlatforms) = preSolution
		Debug|Any CPU = Debug|Any CPU
		Release|Any CPU = Release|Any CPU
	EndGlobalSection
	GlobalSection(ProjectConfigurationPlatforms) = postSolution
		{58F1EF64-0DE9-463C-BC5E-74D9E40AD037}.Debug|Any CPU.ActiveCfg = Debug|Any CPU
		{58F1EF64-0DE9-463C-BC5E-74D9E40AD037}.Debug|Any CPU.Build.0 = Debug|Any CPU
		{58F1EF64-0DE9-463C-BC5E-74D9E40AD037}.Release|Any CPU.ActiveCfg = Release|Any CPU
		{58F1EF64-0DE9-463C-BC5E-74D9E40AD037}.Release|Any CPU.Build.0 = Release|Any CPU
		{11AFB463-3D53-4AE8-8B95-4A98FB4D4A6E}.Debug|Any CPU.ActiveCfg = Debug|Any CPU
		{11AFB463-3D53-4AE8-8B95-4A98FB4D4A6E}.Debug|Any CPU.Build.0 = Debug|Any CPU
		{11AFB463-3D53-4AE8-8B95-4A98FB4D4A6E}.Release|Any CPU.ActiveCfg = Release|Any CPU
		{11AFB463-3D53-4AE8-8B95-4A98FB4D4A6E}.Release|Any CPU.Build.0 = Release|Any CPU
	EndGlobalSection
	GlobalSection(SolutionProperties) = preSolution
		HideSolutionNode = FALSE
	EndGlobalSection
	GlobalSection(ExtensibilityGlobals) = postSolution
		SolutionGuid = {BAA28694-21E2-49A2-A90D-E6E2B1A8B12C}
	EndGlobalSection
EndGlobal
